
Microsoft Visual Studio Solution File, Format Version 12.00
# Visual Studio Version 17
VisualStudioVersion = 17.5.33414.496
MinimumVisualStudioVersion = 10.0.40219.1
Project("{2150E333-8FDC-42A3-9474-1A3956D46DE8}") = "src", "src", "{49AE2174-C871-48B1-B1E8-BCBFD97FCF72}"
EndProject
Project("{2150E333-8FDC-42A3-9474-1A3956D46DE8}") = "Common", "Common", "{55A7B018-8E02-4F89-9C22-641A5F68A803}"
EndProject
Project("{2150E333-8FDC-42A3-9474-1A3956D46DE8}") = "Modules", "Modules", "{FB94B0FC-8BF9-4D25-AAC4-1D9BE1C16E9C}"
EndProject
Project("{2150E333-8FDC-42A3-9474-1A3956D46DE8}") = "ServiceHosts", "ServiceHosts", "{9D2F3001-19D7-4C6A-9E80-AE924199D6D2}"
EndProject
Project("{2150E333-8FDC-42A3-9474-1A3956D46DE8}") = "BlogManagment", "BlogManagment", "{13D977BF-B69A-4458-BCCA-168A570EB86E}"
EndProject
Project("{9A19103F-16F7-4668-BE54-9A1E7A4F7556}") = "BlogModule", "SRC\Modules\BlogManagement\BlogModule\BlogModule.csproj", "{26F2898B-AEAB-45B7-A950-D6CCDD7CECFB}"
EndProject
Project("{9A19103F-16F7-4668-BE54-9A1E7A4F7556}") = "Common.Domain", "SRC\Common\Common.Domain\Common.Domain.csproj", "{74220D6F-225A-45CA-9569-5620621138D4}"
EndProject
Project("{9A19103F-16F7-4668-BE54-9A1E7A4F7556}") = "Common.Application", "SRC\Common\Common.Application\Common.Application.csproj", "{B4F7138F-FA35-4D6E-8F42-CEBAF10AEC4A}"
EndProject
Project("{9A19103F-16F7-4668-BE54-9A1E7A4F7556}") = "Common.Infrastructure", "SRC\Common\Common.Infrastructure\Common.Infrastructure.csproj", "{C7B1F8B6-7C4E-4073-BC4F-09C7D197399D}"
EndProject
Project("{2150E333-8FDC-42A3-9474-1A3956D46DE8}") = "Support", "Support", "{6FAB4342-C36A-4209-B9B6-9B911E828E94}"
EndProject
Project("{2150E333-8FDC-42A3-9474-1A3956D46DE8}") = "Identity", "Identity", "{1F11FDF6-B09C-4F24-9AAF-3D33BA92CFC0}"
EndProject
Project("{9A19103F-16F7-4668-BE54-9A1E7A4F7556}") = "Common.Query", "SRC\Common\Common.Query\Common.Query.csproj", "{B8DBA37B-E968-41BE-A0FC-2B9C5E99670F}"
EndProject
Project("{9A19103F-16F7-4668-BE54-9A1E7A4F7556}") = "Identity.Core", "SRC\Modules\Identity\Identity.Core\Identity.Core.csproj", "{56DA1E7C-4B0E-4801-8933-625D174DF1E2}"
EndProject
Project("{9A19103F-16F7-4668-BE54-9A1E7A4F7556}") = "Identity.Data", "SRC\Modules\Identity\Identity.Data\Identity.Data.csproj", "{AC4F9B5F-50F3-463B-A635-1398935AE6FD}"
EndProject
Project("{9A19103F-16F7-4668-BE54-9A1E7A4F7556}") = "Administrator", "SRC\ServiceHosts\Administrator\Administrator.csproj", "{C17203DC-69EC-4985-BE0F-41C7902B27C1}"
EndProject
Project("{9A19103F-16F7-4668-BE54-9A1E7A4F7556}") = "Common.AspNetCore", "SRC\Common\Common.AspNetCore\Common.AspNetCore.csproj", "{4970B920-2A0F-4E37-A974-1F5D453BEAD0}"
EndProject
Project("{9A19103F-16F7-4668-BE54-9A1E7A4F7556}") = "Identity.ViewModels", "SRC\Modules\Identity\Identity.ViewModels\Identity.ViewModels.csproj", "{613EFE26-D267-499F-900C-8C5B6FFA3680}"
EndProject
Project("{2150E333-8FDC-42A3-9474-1A3956D46DE8}") = "Jobs", "Jobs", "{51BEF357-37C6-4DC3-A0F3-34B8F0D103DB}"
EndProject
Project("{9A19103F-16F7-4668-BE54-9A1E7A4F7556}") = "JobsModule.Core", "src\Modules\Jobs\JobsModule.Core\JobsModule.Core.csproj", "{07E65404-7D2D-4477-B23D-F49ACD3CCA29}"
EndProject
Project("{2150E333-8FDC-42A3-9474-1A3956D46DE8}") = "Monitoring", "Monitoring", "{65D62BC5-AA87-4994-8A00-D01F3DDBAAF4}"
EndProject
Project("{9A19103F-16F7-4668-BE54-9A1E7A4F7556}") = "Monitoring", "src\Modules\Monitoring\Monitoring\Monitoring.csproj", "{C2FF30E6-FE61-48D5-8CBF-7E46C57509F6}"
EndProject
Project("{9A19103F-16F7-4668-BE54-9A1E7A4F7556}") = "Monitoring.Abstractions", "src\Modules\Monitoring\Monitoring.Abstractions\Monitoring.Abstractions.csproj", "{83A3F386-8CB7-4D8F-9C81-C93E31C80B48}"
EndProject
Project("{9A19103F-16F7-4668-BE54-9A1E7A4F7556}") = "Monitoring.Core", "src\Modules\Monitoring\Monitoring.Core\Monitoring.Core.csproj", "{0690EA03-58BE-42E7-BA0F-170E9617B1C0}"
EndProject
Project("{9A19103F-16F7-4668-BE54-9A1E7A4F7556}") = "Static", "src\ServiceHosts\Static\Static.csproj", "{E0A01A52-6C06-48A8-9540-7C6F9BA25DDE}"
EndProject
Project("{9A19103F-16F7-4668-BE54-9A1E7A4F7556}") = "TicketModule", "src\Modules\Support\TicketModule.csproj", "{0E62763E-B547-450A-B9E7-936079F72CC0}"
EndProject
Project("{2150E333-8FDC-42A3-9474-1A3956D46DE8}") = "test", "test", "{EA18E557-D244-4DF7-AF9C-2763201AC03D}"
EndProject
Global
	GlobalSection(SolutionConfigurationPlatforms) = preSolution
		Debug|Any CPU = Debug|Any CPU
		Release|Any CPU = Release|Any CPU
	EndGlobalSection
	GlobalSection(ProjectConfigurationPlatforms) = postSolution
		{26F2898B-AEAB-45B7-A950-D6CCDD7CECFB}.Debug|Any CPU.ActiveCfg = Debug|Any CPU
		{26F2898B-AEAB-45B7-A950-D6CCDD7CECFB}.Debug|Any CPU.Build.0 = Debug|Any CPU
		{26F2898B-AEAB-45B7-A950-D6CCDD7CECFB}.Release|Any CPU.ActiveCfg = Release|Any CPU
		{26F2898B-AEAB-45B7-A950-D6CCDD7CECFB}.Release|Any CPU.Build.0 = Release|Any CPU
		{74220D6F-225A-45CA-9569-5620621138D4}.Debug|Any CPU.ActiveCfg = Debug|Any CPU
		{74220D6F-225A-45CA-9569-5620621138D4}.Debug|Any CPU.Build.0 = Debug|Any CPU
		{74220D6F-225A-45CA-9569-5620621138D4}.Release|Any CPU.ActiveCfg = Release|Any CPU
		{74220D6F-225A-45CA-9569-5620621138D4}.Release|Any CPU.Build.0 = Release|Any CPU
		{B4F7138F-FA35-4D6E-8F42-CEBAF10AEC4A}.Debug|Any CPU.ActiveCfg = Debug|Any CPU
		{B4F7138F-FA35-4D6E-8F42-CEBAF10AEC4A}.Debug|Any CPU.Build.0 = Debug|Any CPU
		{B4F7138F-FA35-4D6E-8F42-CEBAF10AEC4A}.Release|Any CPU.ActiveCfg = Release|Any CPU
		{B4F7138F-FA35-4D6E-8F42-CEBAF10AEC4A}.Release|Any CPU.Build.0 = Release|Any CPU
		{C7B1F8B6-7C4E-4073-BC4F-09C7D197399D}.Debug|Any CPU.ActiveCfg = Debug|Any CPU
		{C7B1F8B6-7C4E-4073-BC4F-09C7D197399D}.Debug|Any CPU.Build.0 = Debug|Any CPU
		{C7B1F8B6-7C4E-4073-BC4F-09C7D197399D}.Release|Any CPU.ActiveCfg = Release|Any CPU
		{C7B1F8B6-7C4E-4073-BC4F-09C7D197399D}.Release|Any CPU.Build.0 = Release|Any CPU
		{B8DBA37B-E968-41BE-A0FC-2B9C5E99670F}.Debug|Any CPU.ActiveCfg = Debug|Any CPU
		{B8DBA37B-E968-41BE-A0FC-2B9C5E99670F}.Debug|Any CPU.Build.0 = Debug|Any CPU
		{B8DBA37B-E968-41BE-A0FC-2B9C5E99670F}.Release|Any CPU.ActiveCfg = Release|Any CPU
		{B8DBA37B-E968-41BE-A0FC-2B9C5E99670F}.Release|Any CPU.Build.0 = Release|Any CPU
		{56DA1E7C-4B0E-4801-8933-625D174DF1E2}.Debug|Any CPU.ActiveCfg = Debug|Any CPU
		{56DA1E7C-4B0E-4801-8933-625D174DF1E2}.Debug|Any CPU.Build.0 = Debug|Any CPU
		{56DA1E7C-4B0E-4801-8933-625D174DF1E2}.Release|Any CPU.ActiveCfg = Release|Any CPU
		{56DA1E7C-4B0E-4801-8933-625D174DF1E2}.Release|Any CPU.Build.0 = Release|Any CPU
		{AC4F9B5F-50F3-463B-A635-1398935AE6FD}.Debug|Any CPU.ActiveCfg = Debug|Any CPU
		{AC4F9B5F-50F3-463B-A635-1398935AE6FD}.Debug|Any CPU.Build.0 = Debug|Any CPU
		{AC4F9B5F-50F3-463B-A635-1398935AE6FD}.Release|Any CPU.ActiveCfg = Release|Any CPU
		{AC4F9B5F-50F3-463B-A635-1398935AE6FD}.Release|Any CPU.Build.0 = Release|Any CPU
		{C17203DC-69EC-4985-BE0F-41C7902B27C1}.Debug|Any CPU.ActiveCfg = Debug|Any CPU
		{C17203DC-69EC-4985-BE0F-41C7902B27C1}.Debug|Any CPU.Build.0 = Debug|Any CPU
		{C17203DC-69EC-4985-BE0F-41C7902B27C1}.Release|Any CPU.ActiveCfg = Release|Any CPU
		{C17203DC-69EC-4985-BE0F-41C7902B27C1}.Release|Any CPU.Build.0 = Release|Any CPU
		{4970B920-2A0F-4E37-A974-1F5D453BEAD0}.Debug|Any CPU.ActiveCfg = Debug|Any CPU
		{4970B920-2A0F-4E37-A974-1F5D453BEAD0}.Debug|Any CPU.Build.0 = Debug|Any CPU
		{4970B920-2A0F-4E37-A974-1F5D453BEAD0}.Release|Any CPU.ActiveCfg = Release|Any CPU
		{4970B920-2A0F-4E37-A974-1F5D453BEAD0}.Release|Any CPU.Build.0 = Release|Any CPU
		{613EFE26-D267-499F-900C-8C5B6FFA3680}.Debug|Any CPU.ActiveCfg = Debug|Any CPU
		{613EFE26-D267-499F-900C-8C5B6FFA3680}.Debug|Any CPU.Build.0 = Debug|Any CPU
		{613EFE26-D267-499F-900C-8C5B6FFA3680}.Release|Any CPU.ActiveCfg = Release|Any CPU
		{613EFE26-D267-499F-900C-8C5B6FFA3680}.Release|Any CPU.Build.0 = Release|Any CPU
		{07E65404-7D2D-4477-B23D-F49ACD3CCA29}.Debug|Any CPU.ActiveCfg = Debug|Any CPU
		{07E65404-7D2D-4477-B23D-F49ACD3CCA29}.Debug|Any CPU.Build.0 = Debug|Any CPU
		{07E65404-7D2D-4477-B23D-F49ACD3CCA29}.Release|Any CPU.ActiveCfg = Release|Any CPU
		{07E65404-7D2D-4477-B23D-F49ACD3CCA29}.Release|Any CPU.Build.0 = Release|Any CPU
		{C2FF30E6-FE61-48D5-8CBF-7E46C57509F6}.Debug|Any CPU.ActiveCfg = Debug|Any CPU
		{C2FF30E6-FE61-48D5-8CBF-7E46C57509F6}.Debug|Any CPU.Build.0 = Debug|Any CPU
		{C2FF30E6-FE61-48D5-8CBF-7E46C57509F6}.Release|Any CPU.ActiveCfg = Release|Any CPU
		{C2FF30E6-FE61-48D5-8CBF-7E46C57509F6}.Release|Any CPU.Build.0 = Release|Any CPU
		{83A3F386-8CB7-4D8F-9C81-C93E31C80B48}.Debug|Any CPU.ActiveCfg = Debug|Any CPU
		{83A3F386-8CB7-4D8F-9C81-C93E31C80B48}.Debug|Any CPU.Build.0 = Debug|Any CPU
		{83A3F386-8CB7-4D8F-9C81-C93E31C80B48}.Release|Any CPU.ActiveCfg = Release|Any CPU
		{83A3F386-8CB7-4D8F-9C81-C93E31C80B48}.Release|Any CPU.Build.0 = Release|Any CPU
		{0690EA03-58BE-42E7-BA0F-170E9617B1C0}.Debug|Any CPU.ActiveCfg = Debug|Any CPU
		{0690EA03-58BE-42E7-BA0F-170E9617B1C0}.Debug|Any CPU.Build.0 = Debug|Any CPU
		{0690EA03-58BE-42E7-BA0F-170E9617B1C0}.Release|Any CPU.ActiveCfg = Release|Any CPU
		{0690EA03-58BE-42E7-BA0F-170E9617B1C0}.Release|Any CPU.Build.0 = Release|Any CPU
		{E0A01A52-6C06-48A8-9540-7C6F9BA25DDE}.Debug|Any CPU.ActiveCfg = Debug|Any CPU
		{E0A01A52-6C06-48A8-9540-7C6F9BA25DDE}.Debug|Any CPU.Build.0 = Debug|Any CPU
		{E0A01A52-6C06-48A8-9540-7C6F9BA25DDE}.Release|Any CPU.ActiveCfg = Release|Any CPU
		{E0A01A52-6C06-48A8-9540-7C6F9BA25DDE}.Release|Any CPU.Build.0 = Release|Any CPU
		{0E62763E-B547-450A-B9E7-936079F72CC0}.Debug|Any CPU.ActiveCfg = Debug|Any CPU
		{0E62763E-B547-450A-B9E7-936079F72CC0}.Debug|Any CPU.Build.0 = Debug|Any CPU
		{0E62763E-B547-450A-B9E7-936079F72CC0}.Release|Any CPU.ActiveCfg = Release|Any CPU
		{0E62763E-B547-450A-B9E7-936079F72CC0}.Release|Any CPU.Build.0 = Release|Any CPU
	EndGlobalSection
	GlobalSection(SolutionProperties) = preSolution
		HideSolutionNode = FALSE
	EndGlobalSection
	GlobalSection(NestedProjects) = preSolution
		{55A7B018-8E02-4F89-9C22-641A5F68A803} = {49AE2174-C871-48B1-B1E8-BCBFD97FCF72}
		{FB94B0FC-8BF9-4D25-AAC4-1D9BE1C16E9C} = {49AE2174-C871-48B1-B1E8-BCBFD97FCF72}
		{9D2F3001-19D7-4C6A-9E80-AE924199D6D2} = {49AE2174-C871-48B1-B1E8-BCBFD97FCF72}
		{13D977BF-B69A-4458-BCCA-168A570EB86E} = {FB94B0FC-8BF9-4D25-AAC4-1D9BE1C16E9C}
		{26F2898B-AEAB-45B7-A950-D6CCDD7CECFB} = {13D977BF-B69A-4458-BCCA-168A570EB86E}
		{74220D6F-225A-45CA-9569-5620621138D4} = {55A7B018-8E02-4F89-9C22-641A5F68A803}
		{B4F7138F-FA35-4D6E-8F42-CEBAF10AEC4A} = {55A7B018-8E02-4F89-9C22-641A5F68A803}
		{C7B1F8B6-7C4E-4073-BC4F-09C7D197399D} = {55A7B018-8E02-4F89-9C22-641A5F68A803}
		{6FAB4342-C36A-4209-B9B6-9B911E828E94} = {FB94B0FC-8BF9-4D25-AAC4-1D9BE1C16E9C}
		{1F11FDF6-B09C-4F24-9AAF-3D33BA92CFC0} = {FB94B0FC-8BF9-4D25-AAC4-1D9BE1C16E9C}
		{B8DBA37B-E968-41BE-A0FC-2B9C5E99670F} = {55A7B018-8E02-4F89-9C22-641A5F68A803}
		{56DA1E7C-4B0E-4801-8933-625D174DF1E2} = {1F11FDF6-B09C-4F24-9AAF-3D33BA92CFC0}
		{AC4F9B5F-50F3-463B-A635-1398935AE6FD} = {1F11FDF6-B09C-4F24-9AAF-3D33BA92CFC0}
		{C17203DC-69EC-4985-BE0F-41C7902B27C1} = {9D2F3001-19D7-4C6A-9E80-AE924199D6D2}
		{4970B920-2A0F-4E37-A974-1F5D453BEAD0} = {55A7B018-8E02-4F89-9C22-641A5F68A803}
		{613EFE26-D267-499F-900C-8C5B6FFA3680} = {1F11FDF6-B09C-4F24-9AAF-3D33BA92CFC0}
		{51BEF357-37C6-4DC3-A0F3-34B8F0D103DB} = {FB94B0FC-8BF9-4D25-AAC4-1D9BE1C16E9C}
		{07E65404-7D2D-4477-B23D-F49ACD3CCA29} = {51BEF357-37C6-4DC3-A0F3-34B8F0D103DB}
		{65D62BC5-AA87-4994-8A00-D01F3DDBAAF4} = {FB94B0FC-8BF9-4D25-AAC4-1D9BE1C16E9C}
		{C2FF30E6-FE61-48D5-8CBF-7E46C57509F6} = {65D62BC5-AA87-4994-8A00-D01F3DDBAAF4}
		{83A3F386-8CB7-4D8F-9C81-C93E31C80B48} = {65D62BC5-AA87-4994-8A00-D01F3DDBAAF4}
		{0690EA03-58BE-42E7-BA0F-170E9617B1C0} = {65D62BC5-AA87-4994-8A00-D01F3DDBAAF4}
		{E0A01A52-6C06-48A8-9540-7C6F9BA25DDE} = {9D2F3001-19D7-4C6A-9E80-AE924199D6D2}
		{0E62763E-B547-450A-B9E7-936079F72CC0} = {6FAB4342-C36A-4209-B9B6-9B911E828E94}
	EndGlobalSection
	GlobalSection(ExtensibilityGlobals) = postSolution
		SolutionGuid = {39879D13-7834-45C6-B6F3-D40B1B2520CA}
	EndGlobalSection
EndGlobal
